// !$*UTF8*$!
{
	archiveVersion = 1;
	classes = {
	};
	objectVersion = 56;
	objects = {

/* Begin PBXBuildFile section */
		912718432AD157CC005D92CE /* FileManagerExtension.swift in Sources */ = {isa = PBXBuildFile; fileRef = 912718422AD157CC005D92CE /* FileManagerExtension.swift */; };
		914891662A3D001A00052385 /* MoonshotApp.swift in Sources */ = {isa = PBXBuildFile; fileRef = 914891652A3D001A00052385 /* MoonshotApp.swift */; };
		914891682A3D001A00052385 /* ContentView.swift in Sources */ = {isa = PBXBuildFile; fileRef = 914891672A3D001A00052385 /* ContentView.swift */; };
		9148916A2A3D001B00052385 /* Assets.xcassets in Resources */ = {isa = PBXBuildFile; fileRef = 914891692A3D001B00052385 /* Assets.xcassets */; };
		9148916D2A3D001B00052385 /* Preview Assets.xcassets in Resources */ = {isa = PBXBuildFile; fileRef = 9148916C2A3D001B00052385 /* Preview Assets.xcassets */; };
		914891752A3D006700052385 /* missions.json in Resources */ = {isa = PBXBuildFile; fileRef = 914891732A3D006700052385 /* missions.json */; };
		914891762A3D006700052385 /* astronauts.json in Resources */ = {isa = PBXBuildFile; fileRef = 914891742A3D006700052385 /* astronauts.json */; };
		914891782A3D016200052385 /* Astronaut.swift in Sources */ = {isa = PBXBuildFile; fileRef = 914891772A3D016200052385 /* Astronaut.swift */; };
		9148917A2A3D01FA00052385 /* Bundle-Decodable.swift in Sources */ = {isa = PBXBuildFile; fileRef = 914891792A3D01FA00052385 /* Bundle-Decodable.swift */; };
		9148917C2A3D060700052385 /* Mission.swift in Sources */ = {isa = PBXBuildFile; fileRef = 9148917B2A3D060700052385 /* Mission.swift */; };
		9148917E2A3D52D900052385 /* Color-Theme.swift in Sources */ = {isa = PBXBuildFile; fileRef = 9148917D2A3D52D900052385 /* Color-Theme.swift */; };
		914891802A3D61A800052385 /* MissionView.swift in Sources */ = {isa = PBXBuildFile; fileRef = 9148917F2A3D61A800052385 /* MissionView.swift */; };
		914891822A3D909900052385 /* AstronautView.swift in Sources */ = {isa = PBXBuildFile; fileRef = 914891812A3D909900052385 /* AstronautView.swift */; };
		914891842A3D9D6600052385 /* Divider-Rectangle.swift in Sources */ = {isa = PBXBuildFile; fileRef = 914891832A3D9D6600052385 /* Divider-Rectangle.swift */; };
		914891882A40CFED00052385 /* CrewView.swift in Sources */ = {isa = PBXBuildFile; fileRef = 914891872A40CFED00052385 /* CrewView.swift */; };
		91F6E84B2A4149E0003DB626 /* GridLayout.swift in Sources */ = {isa = PBXBuildFile; fileRef = 91F6E84A2A4149E0003DB626 /* GridLayout.swift */; };
		91F6E84D2A414A4E003DB626 /* ListLayout.swift in Sources */ = {isa = PBXBuildFile; fileRef = 91F6E84C2A414A4E003DB626 /* ListLayout.swift */; };
/* End PBXBuildFile section */

/* Begin PBXFileReference section */
		912718422AD157CC005D92CE /* FileManagerExtension.swift */ = {isa = PBXFileReference; lastKnownFileType = sourcecode.swift; path = FileManagerExtension.swift; sourceTree = "<group>"; };
		912718442AD16122005D92CE /* Info.plist */ = {isa = PBXFileReference; lastKnownFileType = text.plist; path = Info.plist; sourceTree = "<group>"; };
		914891622A3D001A00052385 /* Moonshot.app */ = {isa = PBXFileReference; explicitFileType = wrapper.application; includeInIndex = 0; path = Moonshot.app; sourceTree = BUILT_PRODUCTS_DIR; };
		914891652A3D001A00052385 /* MoonshotApp.swift */ = {isa = PBXFileReference; lastKnownFileType = sourcecode.swift; path = MoonshotApp.swift; sourceTree = "<group>"; };
		914891672A3D001A00052385 /* ContentView.swift */ = {isa = PBXFileReference; lastKnownFileType = sourcecode.swift; path = ContentView.swift; sourceTree = "<group>"; };
		914891692A3D001B00052385 /* Assets.xcassets */ = {isa = PBXFileReference; lastKnownFileType = folder.assetcatalog; path = Assets.xcassets; sourceTree = "<group>"; };
		9148916C2A3D001B00052385 /* Preview Assets.xcassets */ = {isa = PBXFileReference; lastKnownFileType = folder.assetcatalog; path = "Preview Assets.xcassets"; sourceTree = "<group>"; };
		914891732A3D006700052385 /* missions.json */ = {isa = PBXFileReference; fileEncoding = 4; lastKnownFileType = text.json; path = missions.json; sourceTree = "<group>"; };
		914891742A3D006700052385 /* astronauts.json */ = {isa = PBXFileReference; fileEncoding = 4; lastKnownFileType = text.json; path = astronauts.json; sourceTree = "<group>"; };
		914891772A3D016200052385 /* Astronaut.swift */ = {isa = PBXFileReference; lastKnownFileType = sourcecode.swift; path = Astronaut.swift; sourceTree = "<group>"; };
		914891792A3D01FA00052385 /* Bundle-Decodable.swift */ = {isa = PBXFileReference; lastKnownFileType = sourcecode.swift; path = "Bundle-Decodable.swift"; sourceTree = "<group>"; };
		9148917B2A3D060700052385 /* Mission.swift */ = {isa = PBXFileReference; lastKnownFileType = sourcecode.swift; path = Mission.swift; sourceTree = "<group>"; };
		9148917D2A3D52D900052385 /* Color-Theme.swift */ = {isa = PBXFileReference; lastKnownFileType = sourcecode.swift; path = "Color-Theme.swift"; sourceTree = "<group>"; };
		9148917F2A3D61A800052385 /* MissionView.swift */ = {isa = PBXFileReference; lastKnownFileType = sourcecode.swift; path = MissionView.swift; sourceTree = "<group>"; };
		914891812A3D909900052385 /* AstronautView.swift */ = {isa = PBXFileReference; lastKnownFileType = sourcecode.swift; path = AstronautView.swift; sourceTree = "<group>"; };
		914891832A3D9D6600052385 /* Divider-Rectangle.swift */ = {isa = PBXFileReference; lastKnownFileType = sourcecode.swift; path = "Divider-Rectangle.swift"; sourceTree = "<group>"; };
		914891872A40CFED00052385 /* CrewView.swift */ = {isa = PBXFileReference; lastKnownFileType = sourcecode.swift; path = CrewView.swift; sourceTree = "<group>"; };
		91F6E84A2A4149E0003DB626 /* GridLayout.swift */ = {isa = PBXFileReference; lastKnownFileType = sourcecode.swift; path = GridLayout.swift; sourceTree = "<group>"; };
		91F6E84C2A414A4E003DB626 /* ListLayout.swift */ = {isa = PBXFileReference; lastKnownFileType = sourcecode.swift; path = ListLayout.swift; sourceTree = "<group>"; };
/* End PBXFileReference section */

/* Begin PBXFrameworksBuildPhase section */
		9148915F2A3D001A00052385 /* Frameworks */ = {
			isa = PBXFrameworksBuildPhase;
			buildActionMask = 2147483647;
			files = (
			);
			runOnlyForDeploymentPostprocessing = 0;
		};
/* End PBXFrameworksBuildPhase section */

/* Begin PBXGroup section */
		9127183D2AD15670005D92CE /* Views */ = {
			isa = PBXGroup;
			children = (
				914891672A3D001A00052385 /* ContentView.swift */,
				9148917F2A3D61A800052385 /* MissionView.swift */,
				914891812A3D909900052385 /* AstronautView.swift */,
				914891872A40CFED00052385 /* CrewView.swift */,
				91F6E84A2A4149E0003DB626 /* GridLayout.swift */,
				91F6E84C2A414A4E003DB626 /* ListLayout.swift */,
			);
			path = Views;
			sourceTree = "<group>";
		};
		9127183E2AD156DE005D92CE /* JSON */ = {
			isa = PBXGroup;
			children = (
				914891742A3D006700052385 /* astronauts.json */,
				914891732A3D006700052385 /* missions.json */,
			);
			path = JSON;
			sourceTree = "<group>";
		};
		912718402AD15744005D92CE /* Models */ = {
			isa = PBXGroup;
			children = (
				914891772A3D016200052385 /* Astronaut.swift */,
				9148917B2A3D060700052385 /* Mission.swift */,
			);
			path = Models;
			sourceTree = "<group>";
		};
		912718412AD1576D005D92CE /* Extensions */ = {
			isa = PBXGroup;
			children = (
				9148917D2A3D52D900052385 /* Color-Theme.swift */,
				914891832A3D9D6600052385 /* Divider-Rectangle.swift */,
				914891792A3D01FA00052385 /* Bundle-Decodable.swift */,
				912718422AD157CC005D92CE /* FileManagerExtension.swift */,
			);
			path = Extensions;
			sourceTree = "<group>";
		};
		914891592A3D001A00052385 = {
			isa = PBXGroup;
			children = (
				914891642A3D001A00052385 /* Moonshot */,
				914891632A3D001A00052385 /* Products */,
			);
			sourceTree = "<group>";
		};
		914891632A3D001A00052385 /* Products */ = {
			isa = PBXGroup;
			children = (
				914891622A3D001A00052385 /* Moonshot.app */,
			);
			name = Products;
			sourceTree = "<group>";
		};
		914891642A3D001A00052385 /* Moonshot */ = {
			isa = PBXGroup;
			children = (
				912718442AD16122005D92CE /* Info.plist */,
				914891652A3D001A00052385 /* MoonshotApp.swift */,
				912718402AD15744005D92CE /* Models */,
				9127183D2AD15670005D92CE /* Views */,
				912718412AD1576D005D92CE /* Extensions */,
				9127183E2AD156DE005D92CE /* JSON */,
				914891692A3D001B00052385 /* Assets.xcassets */,
				9148916B2A3D001B00052385 /* Preview Content */,
			);
			path = Moonshot;
			sourceTree = "<group>";
		};
		9148916B2A3D001B00052385 /* Preview Content */ = {
			isa = PBXGroup;
			children = (
				9148916C2A3D001B00052385 /* Preview Assets.xcassets */,
			);
			path = "Preview Content";
			sourceTree = "<group>";
		};
/* End PBXGroup section */

/* Begin PBXNativeTarget section */
		914891612A3D001A00052385 /* Moonshot */ = {
			isa = PBXNativeTarget;
			buildConfigurationList = 914891702A3D001B00052385 /* Build configuration list for PBXNativeTarget "Moonshot" */;
			buildPhases = (
				9148915E2A3D001A00052385 /* Sources */,
				9148915F2A3D001A00052385 /* Frameworks */,
				914891602A3D001A00052385 /* Resources */,
			);
			buildRules = (
			);
			dependencies = (
			);
			name = Moonshot;
			productName = Moonshot;
			productReference = 914891622A3D001A00052385 /* Moonshot.app */;
			productType = "com.apple.product-type.application";
		};
/* End PBXNativeTarget section */

/* Begin PBXProject section */
		9148915A2A3D001A00052385 /* Project object */ = {
			isa = PBXProject;
			attributes = {
				BuildIndependentTargetsInParallel = 1;
				LastSwiftUpdateCheck = 1430;
				LastUpgradeCheck = 1500;
				TargetAttributes = {
					914891612A3D001A00052385 = {
						CreatedOnToolsVersion = 14.3.1;
					};
				};
			};
			buildConfigurationList = 9148915D2A3D001A00052385 /* Build configuration list for PBXProject "Moonshot" */;
			compatibilityVersion = "Xcode 14.0";
			developmentRegion = en;
			hasScannedForEncodings = 0;
			knownRegions = (
				en,
				Base,
			);
			mainGroup = 914891592A3D001A00052385;
			productRefGroup = 914891632A3D001A00052385 /* Products */;
			projectDirPath = "";
			projectRoot = "";
			targets = (
				914891612A3D001A00052385 /* Moonshot */,
			);
		};
/* End PBXProject section */

/* Begin PBXResourcesBuildPhase section */
		914891602A3D001A00052385 /* Resources */ = {
			isa = PBXResourcesBuildPhase;
			buildActionMask = 2147483647;
			files = (
				9148916D2A3D001B00052385 /* Preview Assets.xcassets in Resources */,
				914891752A3D006700052385 /* missions.json in Resources */,
				9148916A2A3D001B00052385 /* Assets.xcassets in Resources */,
				914891762A3D006700052385 /* astronauts.json in Resources */,
			);
			runOnlyForDeploymentPostprocessing = 0;
		};
/* End PBXResourcesBuildPhase section */

/* Begin PBXSourcesBuildPhase section */
		9148915E2A3D001A00052385 /* Sources */ = {
			isa = PBXSourcesBuildPhase;
			buildActionMask = 2147483647;
			files = (
				914891802A3D61A800052385 /* MissionView.swift in Sources */,
				914891782A3D016200052385 /* Astronaut.swift in Sources */,
				914891822A3D909900052385 /* AstronautView.swift in Sources */,
				912718432AD157CC005D92CE /* FileManagerExtension.swift in Sources */,
				9148917E2A3D52D900052385 /* Color-Theme.swift in Sources */,
				914891682A3D001A00052385 /* ContentView.swift in Sources */,
				914891882A40CFED00052385 /* CrewView.swift in Sources */,
				914891662A3D001A00052385 /* MoonshotApp.swift in Sources */,
				9148917C2A3D060700052385 /* Mission.swift in Sources */,
				9148917A2A3D01FA00052385 /* Bundle-Decodable.swift in Sources */,
				91F6E84D2A414A4E003DB626 /* ListLayout.swift in Sources */,
				914891842A3D9D6600052385 /* Divider-Rectangle.swift in Sources */,
				91F6E84B2A4149E0003DB626 /* GridLayout.swift in Sources */,
			);
			runOnlyForDeploymentPostprocessing = 0;
		};
/* End PBXSourcesBuildPhase section */

/* Begin XCBuildConfiguration section */
		9148916E2A3D001B00052385 /* Debug */ = {
			isa = XCBuildConfiguration;
			buildSettings = {
				ALWAYS_SEARCH_USER_PATHS = YES;
				CLANG_ANALYZER_NONNULL = YES;
				CLANG_ANALYZER_NUMBER_OBJECT_CONVERSION = YES_AGGRESSIVE;
				CLANG_CXX_LANGUAGE_STANDARD = "gnu++20";
				CLANG_ENABLE_MODULES = YES;
				CLANG_ENABLE_OBJC_ARC = YES;
				CLANG_ENABLE_OBJC_WEAK = YES;
				CLANG_WARN_BLOCK_CAPTURE_AUTORELEASING = YES;
				CLANG_WARN_BOOL_CONVERSION = YES;
				CLANG_WARN_COMMA = YES;
				CLANG_WARN_CONSTANT_CONVERSION = YES;
				CLANG_WARN_DEPRECATED_OBJC_IMPLEMENTATIONS = YES;
				CLANG_WARN_DIRECT_OBJC_ISA_USAGE = YES_ERROR;
				CLANG_WARN_DOCUMENTATION_COMMENTS = YES;
				CLANG_WARN_EMPTY_BODY = YES;
				CLANG_WARN_ENUM_CONVERSION = YES;
				CLANG_WARN_INFINITE_RECURSION = YES;
				CLANG_WARN_INT_CONVERSION = YES;
				CLANG_WARN_NON_LITERAL_NULL_CONVERSION = YES;
				CLANG_WARN_OBJC_IMPLICIT_RETAIN_SELF = YES;
				CLANG_WARN_OBJC_LITERAL_CONVERSION = YES;
				CLANG_WARN_OBJC_ROOT_CLASS = YES_ERROR;
				CLANG_WARN_QUOTED_INCLUDE_IN_FRAMEWORK_HEADER = YES;
				CLANG_WARN_RANGE_LOOP_ANALYSIS = YES;
				CLANG_WARN_STRICT_PROTOTYPES = YES;
				CLANG_WARN_SUSPICIOUS_MOVE = YES;
				CLANG_WARN_UNGUARDED_AVAILABILITY = YES_AGGRESSIVE;
				CLANG_WARN_UNREACHABLE_CODE = YES;
				CLANG_WARN__DUPLICATE_METHOD_MATCH = YES;
				COPY_PHASE_STRIP = NO;
				DEBUG_INFORMATION_FORMAT = dwarf;
				ENABLE_STRICT_OBJC_MSGSEND = YES;
				ENABLE_TESTABILITY = YES;
				ENABLE_USER_SCRIPT_SANDBOXING = YES;
				GCC_C_LANGUAGE_STANDARD = gnu11;
				GCC_DYNAMIC_NO_PIC = NO;
				GCC_NO_COMMON_BLOCKS = YES;
				GCC_OPTIMIZATION_LEVEL = 0;
				GCC_PREPROCESSOR_DEFINITIONS = (
					"DEBUG=1",
					"$(inherited)",
				);
				GCC_WARN_64_TO_32_BIT_CONVERSION = YES;
				GCC_WARN_ABOUT_RETURN_TYPE = YES_ERROR;
				GCC_WARN_UNDECLARED_SELECTOR = YES;
				GCC_WARN_UNINITIALIZED_AUTOS = YES_AGGRESSIVE;
				GCC_WARN_UNUSED_FUNCTION = YES;
				GCC_WARN_UNUSED_VARIABLE = YES;
				IPHONEOS_DEPLOYMENT_TARGET = 17.0;
				MTL_ENABLE_DEBUG_INFO = INCLUDE_SOURCE;
				MTL_FAST_MATH = YES;
				ONLY_ACTIVE_ARCH = YES;
				SDKROOT = iphoneos;
				SWIFT_ACTIVE_COMPILATION_CONDITIONS = DEBUG;
				SWIFT_OPTIMIZATION_LEVEL = "-Onone";
			};
			name = Debug;
		};
		9148916F2A3D001B00052385 /* Release */ = {
			isa = XCBuildConfiguration;
			buildSettings = {
				ALWAYS_SEARCH_USER_PATHS = YES;
				CLANG_ANALYZER_NONNULL = YES;
				CLANG_ANALYZER_NUMBER_OBJECT_CONVERSION = YES_AGGRESSIVE;
				CLANG_CXX_LANGUAGE_STANDARD = "gnu++20";
				CLANG_ENABLE_MODULES = YES;
				CLANG_ENABLE_OBJC_ARC = YES;
				CLANG_ENABLE_OBJC_WEAK = YES;
				CLANG_WARN_BLOCK_CAPTURE_AUTORELEASING = YES;
				CLANG_WARN_BOOL_CONVERSION = YES;
				CLANG_WARN_COMMA = YES;
				CLANG_WARN_CONSTANT_CONVERSION = YES;
				CLANG_WARN_DEPRECATED_OBJC_IMPLEMENTATIONS = YES;
				CLANG_WARN_DIRECT_OBJC_ISA_USAGE = YES_ERROR;
				CLANG_WARN_DOCUMENTATION_COMMENTS = YES;
				CLANG_WARN_EMPTY_BODY = YES;
				CLANG_WARN_ENUM_CONVERSION = YES;
				CLANG_WARN_INFINITE_RECURSION = YES;
				CLANG_WARN_INT_CONVERSION = YES;
				CLANG_WARN_NON_LITERAL_NULL_CONVERSION = YES;
				CLANG_WARN_OBJC_IMPLICIT_RETAIN_SELF = YES;
				CLANG_WARN_OBJC_LITERAL_CONVERSION = YES;
				CLANG_WARN_OBJC_ROOT_CLASS = YES_ERROR;
				CLANG_WARN_QUOTED_INCLUDE_IN_FRAMEWORK_HEADER = YES;
				CLANG_WARN_RANGE_LOOP_ANALYSIS = YES;
				CLANG_WARN_STRICT_PROTOTYPES = YES;
				CLANG_WARN_SUSPICIOUS_MOVE = YES;
				CLANG_WARN_UNGUARDED_AVAILABILITY = YES_AGGRESSIVE;
				CLANG_WARN_UNREACHABLE_CODE = YES;
				CLANG_WARN__DUPLICATE_METHOD_MATCH = YES;
				COPY_PHASE_STRIP = NO;
				DEBUG_INFORMATION_FORMAT = "dwarf-with-dsym";
				ENABLE_NS_ASSERTIONS = NO;
				ENABLE_STRICT_OBJC_MSGSEND = YES;
				ENABLE_USER_SCRIPT_SANDBOXING = YES;
				GCC_C_LANGUAGE_STANDARD = gnu11;
				GCC_NO_COMMON_BLOCKS = YES;
				GCC_WARN_64_TO_32_BIT_CONVERSION = YES;
				GCC_WARN_ABOUT_RETURN_TYPE = YES_ERROR;
				GCC_WARN_UNDECLARED_SELECTOR = YES;
				GCC_WARN_UNINITIALIZED_AUTOS = YES_AGGRESSIVE;
				GCC_WARN_UNUSED_FUNCTION = YES;
				GCC_WARN_UNUSED_VARIABLE = YES;
				IPHONEOS_DEPLOYMENT_TARGET = 17.0;
				MTL_ENABLE_DEBUG_INFO = NO;
				MTL_FAST_MATH = YES;
				SDKROOT = iphoneos;
				SWIFT_COMPILATION_MODE = wholemodule;
				SWIFT_OPTIMIZATION_LEVEL = "-O";
				VALIDATE_PRODUCT = YES;
			};
			name = Release;
		};
		914891712A3D001B00052385 /* Debug */ = {
			isa = XCBuildConfiguration;
			buildSettings = {
				ASSETCATALOG_COMPILER_APPICON_NAME = AppIcon;
				ASSETCATALOG_COMPILER_GLOBAL_ACCENT_COLOR_NAME = AccentColor;
				CODE_SIGN_STYLE = Automatic;
				CURRENT_PROJECT_VERSION = 1;
				DEVELOPMENT_ASSET_PATHS = "\"Moonshot/Preview Content\"";
				DEVELOPMENT_TEAM = J92SCDW5UB;
				ENABLE_PREVIEWS = YES;
				GENERATE_INFOPLIST_FILE = YES;
				INFOPLIST_FILE = Moonshot/Info.plist;
				INFOPLIST_KEY_NSDocumentsFolderUsageDescription = "Для работы приложения необходим доступ к Документам";
				INFOPLIST_KEY_UIApplicationSceneManifest_Generation = YES;
				INFOPLIST_KEY_UIApplicationSupportsIndirectInputEvents = YES;
				INFOPLIST_KEY_UILaunchScreen_Generation = YES;
				INFOPLIST_KEY_UISupportedInterfaceOrientations_iPad = "UIInterfaceOrientationPortrait UIInterfaceOrientationPortraitUpsideDown UIInterfaceOrientationLandscapeLeft UIInterfaceOrientationLandscapeRight";
				INFOPLIST_KEY_UISupportedInterfaceOrientations_iPhone = "UIInterfaceOrientationPortrait UIInterfaceOrientationLandscapeLeft UIInterfaceOrientationLandscapeRight";
				LD_RUNPATH_SEARCH_PATHS = (
					"$(inherited)",
					"@executable_path/Frameworks",
				);
				MARKETING_VERSION = 1.0;
				PRODUCT_BUNDLE_IDENTIFIER = immmax.Moonshot;
				PRODUCT_NAME = "$(TARGET_NAME)";
				SWIFT_EMIT_LOC_STRINGS = YES;
				SWIFT_VERSION = 5.0;
				TARGETED_DEVICE_FAMILY = "1,2";
			};
			name = Debug;
		};
		914891722A3D001B00052385 /* Release */ = {
			isa = XCBuildConfiguration;
			buildSettings = {
				ASSETCATALOG_COMPILER_APPICON_NAME = AppIcon;
				ASSETCATALOG_COMPILER_GLOBAL_ACCENT_COLOR_NAME = AccentColor;
				CODE_SIGN_STYLE = Automatic;
				CURRENT_PROJECT_VERSION = 1;
				DEVELOPMENT_ASSET_PATHS = "\"Moonshot/Preview Content\"";
				DEVELOPMENT_TEAM = J92SCDW5UB;
				ENABLE_PREVIEWS = YES;
				GENERATE_INFOPLIST_FILE = YES;
				INFOPLIST_FILE = Moonshot/Info.plist;
				INFOPLIST_KEY_NSDocumentsFolderUsageDescription = "Для работы приложения необходим доступ к Документам";
				INFOPLIST_KEY_UIApplicationSceneManifest_Generation = YES;
				INFOPLIST_KEY_UIApplicationSupportsIndirectInputEvents = YES;
				INFOPLIST_KEY_UILaunchScreen_Generation = YES;
				INFOPLIST_KEY_UISupportedInterfaceOrientations_iPad = "UIInterfaceOrientationPortrait UIInterfaceOrientationPortraitUpsideDown UIInterfaceOrientationLandscapeLeft UIInterfaceOrientationLandscapeRight";
				INFOPLIST_KEY_UISupportedInterfaceOrientations_iPhone = "UIInterfaceOrientationPortrait UIInterfaceOrientationLandscapeLeft UIInterfaceOrientationLandscapeRight";
				LD_RUNPATH_SEARCH_PATHS = (
					"$(inherited)",
					"@executable_path/Frameworks",
				);
				MARKETING_VERSION = 1.0;
				PRODUCT_BUNDLE_IDENTIFIER = immmax.Moonshot;
				PRODUCT_NAME = "$(TARGET_NAME)";
				SWIFT_EMIT_LOC_STRINGS = YES;
				SWIFT_VERSION = 5.0;
				TARGETED_DEVICE_FAMILY = "1,2";
			};
			name = Release;
		};
/* End XCBuildConfiguration section */

/* Begin XCConfigurationList section */
		9148915D2A3D001A00052385 /* Build configuration list for PBXProject "Moonshot" */ = {
			isa = XCConfigurationList;
			buildConfigurations = (
				9148916E2A3D001B00052385 /* Debug */,
				9148916F2A3D001B00052385 /* Release */,
			);
			defaultConfigurationIsVisible = 0;
			defaultConfigurationName = Release;
		};
		914891702A3D001B00052385 /* Build configuration list for PBXNativeTarget "Moonshot" */ = {
			isa = XCConfigurationList;
			buildConfigurations = (
				914891712A3D001B00052385 /* Debug */,
				914891722A3D001B00052385 /* Release */,
			);
			defaultConfigurationIsVisible = 0;
			defaultConfigurationName = Release;
		};
/* End XCConfigurationList section */
	};
	rootObject = 9148915A2A3D001A00052385 /* Project object */;
}
